
Microsoft Visual Studio Solution File, Format Version 12.00
# Visual Studio Version 17
VisualStudioVersion = 17.9.34728.123
MinimumVisualStudioVersion = 10.0.40219.1
Project("{FAE04EC0-301F-11D3-BF4B-00C04F79EFBC}") = "MFHR.Server", "MFHR.Server\MFHR.Server.csproj", "{7F569E95-C8E8-4CF6-ACFF-7FE0F0A6FF64}"
EndProject
Project("{54A90642-561A-4BB1-A94E-469ADEE60C69}") = "mfhr.client", "mfhr.client\mfhr.client.esproj", "{23EC3F5F-3DB8-4F78-A207-4F67CAE89AE9}"
EndProject
Global
	GlobalSection(SolutionConfigurationPlatforms) = preSolution
		Debug|Any CPU = Debug|Any CPU
		Release|Any CPU = Release|Any CPU
	EndGlobalSection
	GlobalSection(ProjectConfigurationPlatforms) = postSolution
		{7F569E95-C8E8-4CF6-ACFF-7FE0F0A6FF64}.Debug|Any CPU.ActiveCfg = Debug|Any CPU
		{7F569E95-C8E8-4CF6-ACFF-7FE0F0A6FF64}.Debug|Any CPU.Build.0 = Debug|Any CPU
		{7F569E95-C8E8-4CF6-ACFF-7FE0F0A6FF64}.Release|Any CPU.ActiveCfg = Release|Any CPU
		{7F569E95-C8E8-4CF6-ACFF-7FE0F0A6FF64}.Release|Any CPU.Build.0 = Release|Any CPU
		{23EC3F5F-3DB8-4F78-A207-4F67CAE89AE9}.Debug|Any CPU.ActiveCfg = Debug|Any CPU
		{23EC3F5F-3DB8-4F78-A207-4F67CAE89AE9}.Debug|Any CPU.Build.0 = Debug|Any CPU
		{23EC3F5F-3DB8-4F78-A207-4F67CAE89AE9}.Debug|Any CPU.Deploy.0 = Debug|Any CPU
		{23EC3F5F-3DB8-4F78-A207-4F67CAE89AE9}.Release|Any CPU.ActiveCfg = Release|Any CPU
		{23EC3F5F-3DB8-4F78-A207-4F67CAE89AE9}.Release|Any CPU.Build.0 = Release|Any CPU
		{23EC3F5F-3DB8-4F78-A207-4F67CAE89AE9}.Release|Any CPU.Deploy.0 = Release|Any CPU
	EndGlobalSection
	GlobalSection(SolutionProperties) = preSolution
		HideSolutionNode = FALSE
	EndGlobalSection
	GlobalSection(ExtensibilityGlobals) = postSolution
		SolutionGuid = {F918CD79-6F07-46FC-ADCA-B2091E11157E}
	EndGlobalSection
EndGlobal
